
Microsoft Visual Studio Solution File, Format Version 12.00
# Visual Studio Version 16
VisualStudioVersion = 25.0.1706.1
MinimumVisualStudioVersion = 10.0.40219.1
Project("{FAE04EC0-301F-11D3-BF4B-00C04F79EFBC}") = "TestMac", "TestMac\TestMac.csproj", "{04EF9481-C6B0-49E0-9BBC-821E2521C571}"
EndProject
Global
	GlobalSection(SolutionConfigurationPlatforms) = preSolution
		Debug|Any CPU = Debug|Any CPU
		Release|Any CPU = Release|Any CPU
	EndGlobalSection
	GlobalSection(ProjectConfigurationPlatforms) = postSolution
		{04EF9481-C6B0-49E0-9BBC-821E2521C571}.Debug|Any CPU.ActiveCfg = Debug|Any CPU
		{04EF9481-C6B0-49E0-9BBC-821E2521C571}.Debug|Any CPU.Build.0 = Debug|Any CPU
		{04EF9481-C6B0-49E0-9BBC-821E2521C571}.Release|Any CPU.ActiveCfg = Release|Any CPU
		{04EF9481-C6B0-49E0-9BBC-821E2521C571}.Release|Any CPU.Build.0 = Release|Any CPU
	EndGlobalSection
	GlobalSection(SolutionProperties) = preSolution
		HideSolutionNode = FALSE
	EndGlobalSection
	GlobalSection(ExtensibilityGlobals) = postSolution
		SolutionGuid = {D10367A3-2E94-4996-A034-4FB020FE0188}
	EndGlobalSection
EndGlobal
